{
  "name": "electron-cljs",
  "version": "0.1.0",
  "lockfileVersion": 1,
  "requires": true,
  "dependencies": {
    "codemirror": {
      "version": "5.42.2",
      "resolved": "https://registry.npmjs.org/codemirror/-/codemirror-5.42.2.tgz",
      "integrity": "sha512-Tkv6im39VuhduFMsDA3MlXcC/kKas3Z0PI1/8N88QvFQbtOeiiwnfFJE4juGyC8/a4sb1BSxQlzsil8XLQdxRw=="
    },
    "debug": {
      "version": "2.6.9",
      "resolved": "https://registry.npmjs.org/debug/-/debug-2.6.9.tgz",
      "integrity": "sha512-bC7ElrdJaJnPbAP+1EotYvqZsb3ecl5wi6Bfi6BJTUcNowp6cvspg0jXznRTKDjm/E7AdgFBVeAPVMNcKGsHMA==",
      "requires": {
        "ms": "2.0.0"
      }
    },
    "electron-is-accelerator": {
      "version": "0.1.2",
      "resolved": "https://registry.npmjs.org/electron-is-accelerator/-/electron-is-accelerator-0.1.2.tgz",
      "integrity": "sha1-UJ5RDCala1Xhf4Y6SwThEYRqsns="
    },
    "electron-localshortcut": {
      "version": "2.0.2",
      "resolved": "https://registry.npmjs.org/electron-localshortcut/-/electron-localshortcut-2.0.2.tgz",
      "integrity": "sha512-PVPhNwQ7hOPRqGZuK0YTzjAu2gzPOPCDPDU7kzXuuFtNNNAdOdpaXe8XTJW7LOw9JdmT/akrzdGitZ+6xOSnIw==",
      "requires": {
        "debug": "^2.6.8",
        "electron-is-accelerator": "^0.1.0"
      }
    },
    "lift-result": {
      "version": "0.1.5",
      "resolved": "https://registry.npmjs.org/lift-result/-/lift-result-0.1.5.tgz",
      "integrity": "sha1-qYg7JJNG/jHMKC2FWYORiaZqs4M=",
      "requires": {
        "result": "~1.0.2"
      }
    },
    "minimist": {
      "version": "0.0.8",
      "resolved": "https://registry.npmjs.org/minimist/-/minimist-0.0.8.tgz",
      "integrity": "sha1-hX/Kv8M5fSYluCKCYuhqp6ARsF0="
    },
    "mkdirp": {
      "version": "0.5.1",
      "resolved": "https://registry.npmjs.org/mkdirp/-/mkdirp-0.5.1.tgz",
      "integrity": "sha1-MAV0OOrGz3+MR2fzhkjWaX11yQM=",
      "requires": {
        "minimist": "0.0.8"
      }
    },
    "ms": {
      "version": "2.0.0",
      "resolved": "https://registry.npmjs.org/ms/-/ms-2.0.0.tgz",
      "integrity": "sha1-VgiurfwAvmwpAd9fmGF4jeDVl8g="
    },
    "next-tick": {
      "version": "github:timoxley/next-tick#6f25f8c2d25697dead7e49e978ae4c31703f7490",
      "from": "next-tick@github:timoxley/next-tick#6f25f8c2d25697dead7e49e978ae4c31703f7490"
    },
    "result": {
      "version": "1.0.3",
      "resolved": "https://registry.npmjs.org/result/-/result-1.0.3.tgz",
      "integrity": "sha1-qC+rRnkGjjUju+PuyCQUU9zFVC4=",
      "requires": {
        "result-core": "1.2.1",
        "result-type": "1.0.0"
      }
    },
    "result-core": {
      "version": "1.2.1",
      "resolved": "https://registry.npmjs.org/result-core/-/result-core-1.2.1.tgz",
      "integrity": "sha1-3PyrYs6hHtWuvhKUGyOXDBe+WOo=",
      "requires": {
        "next-tick": "github:timoxley/next-tick#6f25f8c2d25697dead7e49e978ae4c31703f7490",
        "result-type": "1.0.0"
      }
    },
    "result-type": {
      "version": "1.0.0",
      "resolved": "https://registry.npmjs.org/result-type/-/result-type-1.0.0.tgz",
      "integrity": "sha1-5PGlvyJsXGsfFFAGh2Ptn0/mmHk="
    },
    "writefile": {
      "version": "0.2.8",
      "resolved": "https://registry.npmjs.org/writefile/-/writefile-0.2.8.tgz",
      "integrity": "sha1-3A0ZM3mLmUMI4O61UR2h1vJiSz4=",
      "requires": {
        "lift-result": "~0.1.5",
        "mkdirp": "^0.5.0",
        "result-type": "1.0.0"
      }
    }
  }
}
